{
  "name": "@walkeros/source-demo",
  "version": "0.3.1",
  "lockfileVersion": 3,
  "requires": true,
  "packages": {
    "": {
      "name": "@walkeros/source-demo",
      "version": "0.3.1",
      "license": "MIT",
      "dependencies": {
        "@walkeros/core": "0.3.0"
      }
    },
    "node_modules/@walkeros/core": {
      "version": "0.3.0",
      "resolved": "https://registry.npmjs.org/@walkeros/core/-/core-0.3.0.tgz",
      "integrity": "sha512-f4gfCQmkQEDCS4+u7OF+MWbKyf5diIWjkHxL3usdGJkAvyc8wrUDJUoOOn3tY32cFWHpGVf2vgtja2PQRCc51A==",
      "funding": [
        {
          "type": "GitHub Sponsors",
          "url": "https://github.com/sponsors/elbwalker"
        }
      ],
      "license": "MIT",
      "dependencies": {
        "zod": "^3.25.76",
        "zod-to-json-schema": "^3.24.6"
      }
    },
    "node_modules/zod": {
      "version": "3.25.76",
      "resolved": "https://registry.npmjs.org/zod/-/zod-3.25.76.tgz",
      "integrity": "sha512-gzUt/qt81nXsFGKIFcC3YnfEAx5NkunCfnDlvuBSSFS02bcXu4Lmea0AFIUwbLWxWPx3d9p8S5QoaujKcNQxcQ==",
      "license": "MIT",
      "funding": {
        "url": "https://github.com/sponsors/colinhacks"
      }
    },
    "node_modules/zod-to-json-schema": {
      "version": "3.24.6",
      "resolved": "https://registry.npmjs.org/zod-to-json-schema/-/zod-to-json-schema-3.24.6.tgz",
      "integrity": "sha512-h/z3PKvcTcTetyjl1fkj79MHNEjm+HpD6NXheWjzOekY7kV+lwDYnHw+ivHkijnCSMz1yJaWBD9vu/Fcmk+vEg==",
      "license": "ISC",
      "peerDependencies": {
        "zod": "^3.24.1"
      }
    }
  }
}
